
Microsoft Visual Studio Solution File, Format Version 12.00
# Visual Studio Version 17
VisualStudioVersion = 17.4.33110.190
MinimumVisualStudioVersion = 10.0.40219.1
Project("{FAE04EC0-301F-11D3-BF4B-00C04F79EFBC}") = "node-editor-csharp", "node-editor-csharp\node-editor-csharp.csproj", "{CDE97879-8BD9-40A4-8F39-7CDB6B1239BB}"
EndProject
Global
	GlobalSection(SolutionConfigurationPlatforms) = preSolution
		Debug|Any CPU = Debug|Any CPU
		Release|Any CPU = Release|Any CPU
	EndGlobalSection
	GlobalSection(ProjectConfigurationPlatforms) = postSolution
		{CDE97879-8BD9-40A4-8F39-7CDB6B1239BB}.Debug|Any CPU.ActiveCfg = Debug|Any CPU
		{CDE97879-8BD9-40A4-8F39-7CDB6B1239BB}.Debug|Any CPU.Build.0 = Debug|Any CPU
		{CDE97879-8BD9-40A4-8F39-7CDB6B1239BB}.Release|Any CPU.ActiveCfg = Release|Any CPU
		{CDE97879-8BD9-40A4-8F39-7CDB6B1239BB}.Release|Any CPU.Build.0 = Release|Any CPU
	EndGlobalSection
	GlobalSection(SolutionProperties) = preSolution
		HideSolutionNode = FALSE
	EndGlobalSection
	GlobalSection(ExtensibilityGlobals) = postSolution
		SolutionGuid = {C4D3FAF9-CDAA-4214-8838-85233001D189}
	EndGlobalSection
EndGlobal
